
Microsoft Visual Studio Solution File, Format Version 12.00
# Visual Studio Version 17
VisualStudioVersion = 17.9.34622.214
MinimumVisualStudioVersion = 10.0.40219.1
Project("{2150E333-8FDC-42A3-9474-1A3956D46DE8}") = "BuildingBlocks", "BuildingBlocks", "{AA3A27F4-91B5-40FD-BD86-8C0843C16245}"
EndProject
Project("{2150E333-8FDC-42A3-9474-1A3956D46DE8}") = "Services", "Services", "{695F0DD9-01ED-4E27-90B8-7299EF263F96}"
EndProject
Project("{2150E333-8FDC-42A3-9474-1A3956D46DE8}") = "WebApps", "WebApps", "{573A7DA0-2156-478E-AA2E-2864CB06C16F}"
EndProject
Project("{2150E333-8FDC-42A3-9474-1A3956D46DE8}") = "ApiGateways", "ApiGateways", "{722BAF67-2051-4DAA-833B-C57E859294F3}"
EndProject
Project("{9A19103F-16F7-4668-BE54-9A1E7A4F7556}") = "OcelotApiGateway", "ApiGateways\OcelotApiGateway\OcelotApiGateway.csproj", "{8D9BAB57-7F33-40C7-A5CD-312B723FFBC7}"
EndProject
Project("{9A19103F-16F7-4668-BE54-9A1E7A4F7556}") = "Aggregator", "ApiGateways\Aggregator\Aggregator.csproj", "{DDEB12EF-4324-4BCD-A994-AA093B909AD0}"
EndProject
Project("{9A19103F-16F7-4668-BE54-9A1E7A4F7556}") = "Common.Logging", "BuildingBlocks\Common.Logging\Common.Logging.csproj", "{3CA6DD32-CA74-4912-B863-32642BEA6470}"
EndProject
Project("{9A19103F-16F7-4668-BE54-9A1E7A4F7556}") = "EventBus.Messages", "BuildingBlocks\EventBus.Messages\EventBus.Messages.csproj", "{345B30E7-A704-4A4B-A53C-6172EFC360C7}"
EndProject
Project("{2150E333-8FDC-42A3-9474-1A3956D46DE8}") = "Cart", "Cart", "{28050CA5-A224-497F-BC4F-06A979244779}"
EndProject
Project("{2150E333-8FDC-42A3-9474-1A3956D46DE8}") = "Restaurant", "Restaurant", "{F9438AB8-0128-4070-9AA8-16E941ACE4D4}"
EndProject
Project("{2150E333-8FDC-42A3-9474-1A3956D46DE8}") = "Discount", "Discount", "{4D1E6061-DF96-4D18-BE8B-572FA39CAEA4}"
EndProject
Project("{2150E333-8FDC-42A3-9474-1A3956D46DE8}") = "Order", "Order", "{D2C6901B-3D0E-45C1-B8CB-D8CC9A46AABB}"
EndProject
Project("{9A19103F-16F7-4668-BE54-9A1E7A4F7556}") = "Cart.API", "Services\Cart\Cart.API\Cart.API.csproj", "{63DFA8DF-E055-4239-A3CE-89637B879A46}"
EndProject
Project("{9A19103F-16F7-4668-BE54-9A1E7A4F7556}") = "Cart.UnitTests", "Services\Cart\Cart.UnitTests\Cart.UnitTests.csproj", "{037803F3-8A7D-4684-9E6B-56A2BB9602C4}"
EndProject
Project("{9A19103F-16F7-4668-BE54-9A1E7A4F7556}") = "Restaurant.API", "Services\Restaurant\Restaurant.API\Restaurant.API.csproj", "{FA126E6E-E4DC-4AE0-9AB1-C4699FEB5EC2}"
EndProject
Project("{9A19103F-16F7-4668-BE54-9A1E7A4F7556}") = "Restaurant.UnitTests", "Services\Restaurant\Restaurant.UnitTests\Restaurant.UnitTests.csproj", "{9B888BC6-A987-418D-83EB-991846FB86E1}"
EndProject
Project("{9A19103F-16F7-4668-BE54-9A1E7A4F7556}") = "Discount.API", "Services\Discount\Discount.API\Discount.API.csproj", "{D53C316F-0E30-4D77-90F6-87DC94E1097E}"
EndProject
Project("{9A19103F-16F7-4668-BE54-9A1E7A4F7556}") = "Discount.UnitTests", "Services\Discount\Discount.UnitTests\Discount.UnitTests.csproj", "{68D66C7E-1877-4B91-B9EB-CD26B2B07EF6}"
EndProject
Project("{9A19103F-16F7-4668-BE54-9A1E7A4F7556}") = "Discount.gRPC", "Services\Discount\Discount.gRPC\Discount.gRPC.csproj", "{63B3A366-16F0-4C75-8231-053DEAF3056E}"
EndProject
Project("{9A19103F-16F7-4668-BE54-9A1E7A4F7556}") = "Order.API", "Services\Ordering\Ordering.API\Order.API.csproj", "{B18AAAA6-0E4F-45A4-A082-CA3DC2859CAE}"
EndProject
Project("{9A19103F-16F7-4668-BE54-9A1E7A4F7556}") = "Order.UnitTests", "Services\Ordering\Ordering.UnitTests\Order.UnitTests.csproj", "{8812886C-BB96-4345-A389-4F02860C27BA}"
EndProject
Project("{9A19103F-16F7-4668-BE54-9A1E7A4F7556}") = "Order.Application", "Services\Ordering\Ordering.Application\Order.Application.csproj", "{72637F96-61BF-47AC-804A-CE63B1DE3B9A}"
EndProject
Project("{9A19103F-16F7-4668-BE54-9A1E7A4F7556}") = "Order.Domain", "Services\Ordering\Ordering.Domain\Order.Domain.csproj", "{365BCC1B-59C5-4E20-BB5D-AA489D74F729}"
EndProject
Project("{9A19103F-16F7-4668-BE54-9A1E7A4F7556}") = "Order.Infrastructure", "Services\Ordering\Ordering.Infrastructure\Order.Infrastructure.csproj", "{45E1D894-C30F-4D1A-9E20-D41B67614AF6}"
EndProject
Project("{9A19103F-16F7-4668-BE54-9A1E7A4F7556}") = "SPA", "WebApps\SPA\SPA.csproj", "{68FDCBDC-85C3-428E-B5F0-9E6CBF4C02DB}"
EndProject
Global
	GlobalSection(SolutionConfigurationPlatforms) = preSolution
		Debug|Any CPU = Debug|Any CPU
		Release|Any CPU = Release|Any CPU
	EndGlobalSection
	GlobalSection(ProjectConfigurationPlatforms) = postSolution
		{8D9BAB57-7F33-40C7-A5CD-312B723FFBC7}.Debug|Any CPU.ActiveCfg = Debug|Any CPU
		{8D9BAB57-7F33-40C7-A5CD-312B723FFBC7}.Debug|Any CPU.Build.0 = Debug|Any CPU
		{8D9BAB57-7F33-40C7-A5CD-312B723FFBC7}.Release|Any CPU.ActiveCfg = Release|Any CPU
		{8D9BAB57-7F33-40C7-A5CD-312B723FFBC7}.Release|Any CPU.Build.0 = Release|Any CPU
		{DDEB12EF-4324-4BCD-A994-AA093B909AD0}.Debug|Any CPU.ActiveCfg = Debug|Any CPU
		{DDEB12EF-4324-4BCD-A994-AA093B909AD0}.Debug|Any CPU.Build.0 = Debug|Any CPU
		{DDEB12EF-4324-4BCD-A994-AA093B909AD0}.Release|Any CPU.ActiveCfg = Release|Any CPU
		{DDEB12EF-4324-4BCD-A994-AA093B909AD0}.Release|Any CPU.Build.0 = Release|Any CPU
		{3CA6DD32-CA74-4912-B863-32642BEA6470}.Debug|Any CPU.ActiveCfg = Debug|Any CPU
		{3CA6DD32-CA74-4912-B863-32642BEA6470}.Release|Any CPU.ActiveCfg = Release|Any CPU
		{3CA6DD32-CA74-4912-B863-32642BEA6470}.Release|Any CPU.Build.0 = Release|Any CPU
		{345B30E7-A704-4A4B-A53C-6172EFC360C7}.Debug|Any CPU.ActiveCfg = Debug|Any CPU
		{345B30E7-A704-4A4B-A53C-6172EFC360C7}.Release|Any CPU.ActiveCfg = Release|Any CPU
		{345B30E7-A704-4A4B-A53C-6172EFC360C7}.Release|Any CPU.Build.0 = Release|Any CPU
		{63DFA8DF-E055-4239-A3CE-89637B879A46}.Debug|Any CPU.ActiveCfg = Debug|Any CPU
		{63DFA8DF-E055-4239-A3CE-89637B879A46}.Debug|Any CPU.Build.0 = Debug|Any CPU
		{63DFA8DF-E055-4239-A3CE-89637B879A46}.Release|Any CPU.ActiveCfg = Release|Any CPU
		{63DFA8DF-E055-4239-A3CE-89637B879A46}.Release|Any CPU.Build.0 = Release|Any CPU
		{037803F3-8A7D-4684-9E6B-56A2BB9602C4}.Debug|Any CPU.ActiveCfg = Debug|Any CPU
		{037803F3-8A7D-4684-9E6B-56A2BB9602C4}.Debug|Any CPU.Build.0 = Debug|Any CPU
		{037803F3-8A7D-4684-9E6B-56A2BB9602C4}.Release|Any CPU.ActiveCfg = Release|Any CPU
		{037803F3-8A7D-4684-9E6B-56A2BB9602C4}.Release|Any CPU.Build.0 = Release|Any CPU
		{FA126E6E-E4DC-4AE0-9AB1-C4699FEB5EC2}.Debug|Any CPU.ActiveCfg = Debug|Any CPU
		{FA126E6E-E4DC-4AE0-9AB1-C4699FEB5EC2}.Debug|Any CPU.Build.0 = Debug|Any CPU
		{FA126E6E-E4DC-4AE0-9AB1-C4699FEB5EC2}.Release|Any CPU.ActiveCfg = Release|Any CPU
		{FA126E6E-E4DC-4AE0-9AB1-C4699FEB5EC2}.Release|Any CPU.Build.0 = Release|Any CPU
		{9B888BC6-A987-418D-83EB-991846FB86E1}.Debug|Any CPU.ActiveCfg = Debug|Any CPU
		{9B888BC6-A987-418D-83EB-991846FB86E1}.Debug|Any CPU.Build.0 = Debug|Any CPU
		{9B888BC6-A987-418D-83EB-991846FB86E1}.Release|Any CPU.ActiveCfg = Release|Any CPU
		{9B888BC6-A987-418D-83EB-991846FB86E1}.Release|Any CPU.Build.0 = Release|Any CPU
		{D53C316F-0E30-4D77-90F6-87DC94E1097E}.Debug|Any CPU.ActiveCfg = Debug|Any CPU
		{D53C316F-0E30-4D77-90F6-87DC94E1097E}.Debug|Any CPU.Build.0 = Debug|Any CPU
		{D53C316F-0E30-4D77-90F6-87DC94E1097E}.Release|Any CPU.ActiveCfg = Release|Any CPU
		{D53C316F-0E30-4D77-90F6-87DC94E1097E}.Release|Any CPU.Build.0 = Release|Any CPU
		{68D66C7E-1877-4B91-B9EB-CD26B2B07EF6}.Debug|Any CPU.ActiveCfg = Debug|Any CPU
		{68D66C7E-1877-4B91-B9EB-CD26B2B07EF6}.Debug|Any CPU.Build.0 = Debug|Any CPU
		{68D66C7E-1877-4B91-B9EB-CD26B2B07EF6}.Release|Any CPU.ActiveCfg = Release|Any CPU
		{68D66C7E-1877-4B91-B9EB-CD26B2B07EF6}.Release|Any CPU.Build.0 = Release|Any CPU
		{63B3A366-16F0-4C75-8231-053DEAF3056E}.Debug|Any CPU.ActiveCfg = Debug|Any CPU
		{63B3A366-16F0-4C75-8231-053DEAF3056E}.Debug|Any CPU.Build.0 = Debug|Any CPU
		{63B3A366-16F0-4C75-8231-053DEAF3056E}.Release|Any CPU.ActiveCfg = Release|Any CPU
		{63B3A366-16F0-4C75-8231-053DEAF3056E}.Release|Any CPU.Build.0 = Release|Any CPU
		{B18AAAA6-0E4F-45A4-A082-CA3DC2859CAE}.Debug|Any CPU.ActiveCfg = Debug|Any CPU
		{B18AAAA6-0E4F-45A4-A082-CA3DC2859CAE}.Debug|Any CPU.Build.0 = Debug|Any CPU
		{B18AAAA6-0E4F-45A4-A082-CA3DC2859CAE}.Release|Any CPU.ActiveCfg = Release|Any CPU
		{B18AAAA6-0E4F-45A4-A082-CA3DC2859CAE}.Release|Any CPU.Build.0 = Release|Any CPU
		{8812886C-BB96-4345-A389-4F02860C27BA}.Debug|Any CPU.ActiveCfg = Debug|Any CPU
		{8812886C-BB96-4345-A389-4F02860C27BA}.Debug|Any CPU.Build.0 = Debug|Any CPU
		{8812886C-BB96-4345-A389-4F02860C27BA}.Release|Any CPU.ActiveCfg = Release|Any CPU
		{8812886C-BB96-4345-A389-4F02860C27BA}.Release|Any CPU.Build.0 = Release|Any CPU
		{72637F96-61BF-47AC-804A-CE63B1DE3B9A}.Debug|Any CPU.ActiveCfg = Debug|Any CPU
		{72637F96-61BF-47AC-804A-CE63B1DE3B9A}.Debug|Any CPU.Build.0 = Debug|Any CPU
		{72637F96-61BF-47AC-804A-CE63B1DE3B9A}.Release|Any CPU.ActiveCfg = Release|Any CPU
		{72637F96-61BF-47AC-804A-CE63B1DE3B9A}.Release|Any CPU.Build.0 = Release|Any CPU
		{365BCC1B-59C5-4E20-BB5D-AA489D74F729}.Debug|Any CPU.ActiveCfg = Debug|Any CPU
		{365BCC1B-59C5-4E20-BB5D-AA489D74F729}.Debug|Any CPU.Build.0 = Debug|Any CPU
		{365BCC1B-59C5-4E20-BB5D-AA489D74F729}.Release|Any CPU.ActiveCfg = Release|Any CPU
		{365BCC1B-59C5-4E20-BB5D-AA489D74F729}.Release|Any CPU.Build.0 = Release|Any CPU
		{45E1D894-C30F-4D1A-9E20-D41B67614AF6}.Debug|Any CPU.ActiveCfg = Debug|Any CPU
		{45E1D894-C30F-4D1A-9E20-D41B67614AF6}.Debug|Any CPU.Build.0 = Debug|Any CPU
		{45E1D894-C30F-4D1A-9E20-D41B67614AF6}.Release|Any CPU.ActiveCfg = Release|Any CPU
		{45E1D894-C30F-4D1A-9E20-D41B67614AF6}.Release|Any CPU.Build.0 = Release|Any CPU
		{68FDCBDC-85C3-428E-B5F0-9E6CBF4C02DB}.Debug|Any CPU.ActiveCfg = Debug|Any CPU
		{68FDCBDC-85C3-428E-B5F0-9E6CBF4C02DB}.Debug|Any CPU.Build.0 = Debug|Any CPU
		{68FDCBDC-85C3-428E-B5F0-9E6CBF4C02DB}.Release|Any CPU.ActiveCfg = Release|Any CPU
		{68FDCBDC-85C3-428E-B5F0-9E6CBF4C02DB}.Release|Any CPU.Build.0 = Release|Any CPU
	EndGlobalSection
	GlobalSection(SolutionProperties) = preSolution
		HideSolutionNode = FALSE
	EndGlobalSection
	GlobalSection(NestedProjects) = preSolution
		{8D9BAB57-7F33-40C7-A5CD-312B723FFBC7} = {722BAF67-2051-4DAA-833B-C57E859294F3}
		{DDEB12EF-4324-4BCD-A994-AA093B909AD0} = {722BAF67-2051-4DAA-833B-C57E859294F3}
		{3CA6DD32-CA74-4912-B863-32642BEA6470} = {AA3A27F4-91B5-40FD-BD86-8C0843C16245}
		{345B30E7-A704-4A4B-A53C-6172EFC360C7} = {AA3A27F4-91B5-40FD-BD86-8C0843C16245}
		{28050CA5-A224-497F-BC4F-06A979244779} = {695F0DD9-01ED-4E27-90B8-7299EF263F96}
		{F9438AB8-0128-4070-9AA8-16E941ACE4D4} = {695F0DD9-01ED-4E27-90B8-7299EF263F96}
		{4D1E6061-DF96-4D18-BE8B-572FA39CAEA4} = {695F0DD9-01ED-4E27-90B8-7299EF263F96}
		{D2C6901B-3D0E-45C1-B8CB-D8CC9A46AABB} = {695F0DD9-01ED-4E27-90B8-7299EF263F96}
		{63DFA8DF-E055-4239-A3CE-89637B879A46} = {28050CA5-A224-497F-BC4F-06A979244779}
		{037803F3-8A7D-4684-9E6B-56A2BB9602C4} = {28050CA5-A224-497F-BC4F-06A979244779}
		{FA126E6E-E4DC-4AE0-9AB1-C4699FEB5EC2} = {F9438AB8-0128-4070-9AA8-16E941ACE4D4}
		{9B888BC6-A987-418D-83EB-991846FB86E1} = {F9438AB8-0128-4070-9AA8-16E941ACE4D4}
		{D53C316F-0E30-4D77-90F6-87DC94E1097E} = {4D1E6061-DF96-4D18-BE8B-572FA39CAEA4}
		{68D66C7E-1877-4B91-B9EB-CD26B2B07EF6} = {4D1E6061-DF96-4D18-BE8B-572FA39CAEA4}
		{63B3A366-16F0-4C75-8231-053DEAF3056E} = {4D1E6061-DF96-4D18-BE8B-572FA39CAEA4}
		{B18AAAA6-0E4F-45A4-A082-CA3DC2859CAE} = {D2C6901B-3D0E-45C1-B8CB-D8CC9A46AABB}
		{8812886C-BB96-4345-A389-4F02860C27BA} = {D2C6901B-3D0E-45C1-B8CB-D8CC9A46AABB}
		{72637F96-61BF-47AC-804A-CE63B1DE3B9A} = {D2C6901B-3D0E-45C1-B8CB-D8CC9A46AABB}
		{365BCC1B-59C5-4E20-BB5D-AA489D74F729} = {D2C6901B-3D0E-45C1-B8CB-D8CC9A46AABB}
		{45E1D894-C30F-4D1A-9E20-D41B67614AF6} = {D2C6901B-3D0E-45C1-B8CB-D8CC9A46AABB}
		{68FDCBDC-85C3-428E-B5F0-9E6CBF4C02DB} = {573A7DA0-2156-478E-AA2E-2864CB06C16F}
	EndGlobalSection
	GlobalSection(ExtensibilityGlobals) = postSolution
		SolutionGuid = {A4092B84-A776-4EE8-867B-93E4F94E3D3A}
	EndGlobalSection
EndGlobal
